
Microsoft Visual Studio Solution File, Format Version 12.00
# Visual Studio Version 17
VisualStudioVersion = 17.4.33103.184
MinimumVisualStudioVersion = 10.0.40219.1
Project("{FAE04EC0-301F-11D3-BF4B-00C04F79EFBC}") = "WindowsFormsApp1", "WindowsFormsApp1\WindowsFormsApp1.csproj", "{243A1224-7823-4ED6-AD6F-CCEE77FC1849}"
EndProject
Global
	GlobalSection(SolutionConfigurationPlatforms) = preSolution
		Debug|Any CPU = Debug|Any CPU
		Release|Any CPU = Release|Any CPU
	EndGlobalSection
	GlobalSection(ProjectConfigurationPlatforms) = postSolution
		{243A1224-7823-4ED6-AD6F-CCEE77FC1849}.Debug|Any CPU.ActiveCfg = Debug|Any CPU
		{243A1224-7823-4ED6-AD6F-CCEE77FC1849}.Debug|Any CPU.Build.0 = Debug|Any CPU
		{243A1224-7823-4ED6-AD6F-CCEE77FC1849}.Release|Any CPU.ActiveCfg = Release|Any CPU
		{243A1224-7823-4ED6-AD6F-CCEE77FC1849}.Release|Any CPU.Build.0 = Release|Any CPU
	EndGlobalSection
	GlobalSection(SolutionProperties) = preSolution
		HideSolutionNode = FALSE
	EndGlobalSection
	GlobalSection(ExtensibilityGlobals) = postSolution
		SolutionGuid = {EB0F366F-A6EF-412C-A0C2-9DA127493C1B}
	EndGlobalSection
EndGlobal
